
Microsoft Visual Studio Solution File, Format Version 12.00
# Visual Studio Version 16
VisualStudioVersion = 16.0.31205.134
MinimumVisualStudioVersion = 10.0.40219.1
Project("{FAE04EC0-301F-11D3-BF4B-00C04F79EFBC}") = "Instructions", "Instructions\Instructions.csproj", "{113D7E1D-DD15-477C-A6D7-7AAE70FDF5B3}"
EndProject
Global
	GlobalSection(SolutionConfigurationPlatforms) = preSolution
		Debug|Any CPU = Debug|Any CPU
		Release|Any CPU = Release|Any CPU
	EndGlobalSection
	GlobalSection(ProjectConfigurationPlatforms) = postSolution
		{113D7E1D-DD15-477C-A6D7-7AAE70FDF5B3}.Debug|Any CPU.ActiveCfg = Debug|Any CPU
		{113D7E1D-DD15-477C-A6D7-7AAE70FDF5B3}.Debug|Any CPU.Build.0 = Debug|Any CPU
		{113D7E1D-DD15-477C-A6D7-7AAE70FDF5B3}.Release|Any CPU.ActiveCfg = Release|Any CPU
		{113D7E1D-DD15-477C-A6D7-7AAE70FDF5B3}.Release|Any CPU.Build.0 = Release|Any CPU
	EndGlobalSection
	GlobalSection(SolutionProperties) = preSolution
		HideSolutionNode = FALSE
	EndGlobalSection
	GlobalSection(ExtensibilityGlobals) = postSolution
		SolutionGuid = {A8A629EA-1656-4F8A-9837-F3F8E90A8B4F}
	EndGlobalSection
EndGlobal
